cloud.google.com/go v0.34.0/go.mod h1:aQUYkXzVsufM+DwF1aE+0xfcU+56JwCaLick0ClmMTw=
github.com/VividCortex/ewma v1.2.0 h1:f58SaIzcDXrSy3kWaHNvuJgJ3Nmz59Zji6XoJR/q1ow=
github.com/VividCortex/ewma v1.2.0/go.mod h1:nz4BbCtbLyFDeC9SUHbtcT5644juEuWfUAUnGx7j5l4=
github.com/acarl005/stripansi v0.0.0-20180116102854-5a71ef0e047d h1:licZJFw2RwpHMqeKTCYkitsPqHNxTmd4SNR5r94FGM8=
github.com/acarl005/stripansi v0.0.0-20180116102854-5a71ef0e047d/go.mod h1:asat636LX7Bqt5lYEZ27JNDcqxfjdBQuJ/MM4CN/Lzo=
github.com/aws/aws-sdk-go-v2 v1.16.7 h1:zfBwXus3u14OszRxGcqCDS4MfMCv10e8SMJ2r8Xm0Ns=
github.com/aws/aws-sdk-go-v2 v1.16.7/go.mod h1:6CpKuLXg2w7If3ABZCl/qZ6rEgwtjZTn4eAf4RcEyuw=
github.com/aws/aws-sdk-go-v2/aws/protocol/eventstream v1.4.3 h1:S/ZBwevQkr7gv5YxONYpGQxlMFFYSRfz3RMcjsC9Qhk=
github.com/aws/aws-sdk-go-v2/aws/protocol/eventstream v1.4.3/go.mod h1:gNsR5CaXKmQSSzrmGxmwmct/r+ZBfbxorAuXYsj/M5Y=
github.com/aws/aws-sdk-go-v2/config v1.15.14 h1:+BqpqlydTq4c2et9Daury7gE+o67P4lbk7eybiCBNc4=
github.com/aws/aws-sdk-go-v2/config v1.15.14/go.mod h1:CQBv+VVv8rR5z2xE+Chdh5m+rFfsqeY4k0veEZeq6QM=
github.com/aws/aws-sdk-go-v2/credentials v1.12.9 h1:DloAJr0/jbvm0iVRFDFh8GlWxrOd9XKyX82U+dfVeZs=
github.com/aws/aws-sdk-go-v2/credentials v1.12.9/go.mod h1:2Vavxl1qqQXJ8MUcQZTsIEW8cwenFCWYXtLRPba3L/o=
github.com/aws/aws-sdk-go-v2/feature/ec2/imds v1.12.8 h1:VfBdn2AxwMbFyJN/lF/xuT3SakomJ86PZu3rCxb5K0s=
github.com/aws/aws-sdk-go-v2/feature/ec2/imds v1.12.8/go.mod h1:oL1Q3KuCq1D4NykQnIvtRiBGLUXhcpY5pl6QZB2XEPU=
github.com/aws/aws-sdk-go-v2/feature/s3/manager v1.11.20 h1:J7/+NFr8N7ebaC/Khie8ptnWn0h436q1hblMeL53mww=
github.com/aws/aws-sdk-go-v2/feature/s3/manager v1.11.20/go.mod h1:IOgK2DAat3WO2qAaPmIzTdF+QqL18samL3dqZdjRBZI=
github.com/aws/aws-sdk-go-v2/internal/configsources v1.1.14 h1:2C0pYHcUBmdzPj+EKNC4qj97oK6yjrUhc1KoSodglvk=
github.com/aws/aws-sdk-go-v2/internal/configsources v1.1.14/go.mod h1:kdjrMwHwrC3+FsKhNcCMJ7tUVj/8uSD5CZXeQ4wV6fM=
github.com/aws/aws-sdk-go-v2/internal/endpoints/v2 v2.4.8 h1:2J+jdlBJWEmTyAwC82Ym68xCykIvnSnIN18b8xHGlcc=
github.com/aws/aws-sdk-go-v2/internal/endpoints/v2 v2.4.8/go.mod h1:ZIV8GYoC6WLBW5KGs+o4rsc65/ozd+eQ0L31XF5VDwk=
github.com/aws/aws-sdk-go-v2/internal/ini v1.3.15 h1:QquxR7NH3ULBsKC+NoTpilzbKKS+5AELfNREInbhvas=
github.com/aws/aws-sdk-go-v2/internal/ini v1.3.15/go.mod h1:Tkrthp/0sNBShQQsamR7j/zY4p19tVTAs+nnqhH6R3c=
github.com/aws/aws-sdk-go-v2/internal/v4a v1.0.5 h1:tEEHn+PGAxRVqMPEhtU8oCSW/1Ge3zP5nUgPrGQNUPs=
github.com/aws/aws-sdk-go-v2/internal/v4a v1.0.5/go.mod h1:aIwFF3dUk95ocCcA3zfk3nhz0oLkpzHFWuMp8l/4nNs=
github.com/aws/aws-sdk-go-v2/service/internal/accept-encoding v1.9.3 h1:4n4KCtv5SUoT5Er5XV41huuzrCqepxlW3SDI9qHQebc=
github.com/aws/aws-sdk-go-v2/service/internal/accept-encoding v1.9.3/go.mod h1:gkb2qADY+OHaGLKNTYxMaQNacfeyQpZ4csDTQMeFmcw=
github.com/aws/aws-sdk-go-v2/service/internal/checksum v1.1.9 h1:gVv2vXOMqJeR4ZHHV32K7LElIJIIzyw/RU1b0lSfWTQ=
github.com/aws/aws-sdk-go-v2/service/internal/checksum v1.1.9/go.mod h1:EF5RLnD9l0xvEWwMRcktIS/dI6lF8lU5eV3B13k6sWo=
github.com/aws/aws-sdk-go-v2/service/internal/presigned-url v1.9.8 h1:oKnAXxSF2FUvfgw8uzU/v9OTYorJJZ8eBmWhr9TWVVQ=
github.com/aws/aws-sdk-go-v2/service/internal/presigned-url v1.9.8/go.mod h1:rDVhIMAX9N2r8nWxDUlbubvvaFMnfsm+3jAV7q+rpM4=
github.com/aws/aws-sdk-go-v2/service/internal/s3shared v1.13.8 h1:TlN1UC39A0LUNoD51ubO5h32haznA+oVe15jO9O4Lj0=
github.com/aws/aws-sdk-go-v2/service/internal/s3shared v1.13.8/go.mod h1:JlVwmWtT/1c5W+6oUsjXjAJ0iJZ+hlghdrDy/8JxGCU=
github.com/aws/aws-sdk-go-v2/service/s3 v1.27.1 h1:OKQIQ0QhEBmGr2LfT952meIZz3ujrPYnxH+dO/5ldnI=
github.com/aws/aws-sdk-go-v2/service/s3 v1.27.1/go.mod h1:NffjpNsMUFXp6Ok/PahrktAncoekWrywvmIK83Q2raE=
github.com/aws/aws-sdk-go-v2/service/sso v1.11.12 h1:760bUnTX/+d693FT6T6Oa7PZHfEQT9XMFZeM5IQIB0A=
github.com/aws/aws-sdk-go-v2/service/sso v1.11.12/go.mod h1:MO4qguFjs3wPGcCSpQ7kOFTwRvb+eu+fn+1vKleGHUk=
github.com/aws/aws-sdk-go-v2/service/sts v1.16.9 h1:yOfILxyjmtr2ubRkRJldlHDFBhf5vw4CzhbwWIBmimQ=
github.com/aws/aws-sdk-go-v2/service/sts v1.16.9/go.mod h1:O1IvkYxr+39hRf960Us6j0x1P8pDqhTX+oXM5kQNl/Y=
github.com/aws/smithy-go v1.12.0 h1:gXpeZel/jPoWQ7OEmLIgCUnhkFftqNfwWUwAHSlp1v0=
github.com/aws/smithy-go v1.12.0/go.mod h1:Tg+OJXh4MB2R/uN61Ko2f6hTZwB/ZYGOtib8J3gBHzA=
github.com/coreos/go-oidc/v3 v3.2.0 h1:2eR2MGR7thBXSQ2YbODlF0fcmgtliLCfr9iX6RW11fc=
github.com/coreos/go-oidc/v3 v3.2.0/go.mod h1:rEJ/idjfUyfkBit1eI1fvyr+64/g9dcKpAm8MJMesvo=
github.com/cpuguy83/go-md2man/v2 v2.0.2/go.mod h1:tgQtvFlXSQOSOSIRvRPT7W67SCa46tRHOmNcaadrF8o=
github.com/davecgh/go-spew v1.1.0/go.mod h1:J7Y8YcW2NihsgmVo/mv3lAwl/skON4iLHjSsI+c5H38=
github.com/davecgh/go-spew v1.1.1 h1:vj9j/u1bqnvCEfJOwUhtlOARqs3+rkHYY13jYWTU97c=
github.com/davecgh/go-spew v1.1.1/go.mod h1:J7Y8YcW2NihsgmVo/mv3lAwl/skON4iLHjSsI+c5H38=
github.com/felixge/httpsnoop v1.0.1/go.mod h1:m8KPJKqk1gH5J9DgRY2ASl2lWCfGKXixSwevea8zH2U=
github.com/felixge/httpsnoop v1.0.3 h1:s/nj+GCswXYzN5v2DpNMuMQYe+0DDwt5WVCU6CWBdXk=
github.com/felixge/httpsnoop v1.0.3/go.mod h1:m8KPJKqk1gH5J9DgRY2ASl2lWCfGKXixSwevea8zH2U=
github.com/go-logr/logr v0.1.0/go.mod h1:ixOQHD9gLJUVQQ2ZOR7zLEifBX6tGkNJF4QyIY7sIas=
github.com/golang/protobuf v1.2.0 h1:P3YflyNX/ehuJFLhxviNdFxQPkGK5cDcApsge1SqnvM=
github.com/golang/protobuf v1.2.0/go.mod h1:6lQm79b+lXiMfvg/cZm0SGofjICqVBUtrP5yJMmIC1U=
github.com/google/go-cmp v0.4.0/go.mod h1:v8dTdLbMG2kIc/vJvl+f65V22dbkXbowE6jgT/gNBxE=
github.com/google/go-cmp v0.5.8 h1:e6P7q2lk1O+qJJb4BtCQXlK8vWEO8V1ZeuEdJNOqZyg=
github.com/google/go-cmp v0.5.8/go.mod h1:17dUlkBOakJ0+DkrSSNjCkIjxS6bF9zb3elmeNGIjoY=
github.com/gorilla/handlers v1.5.1 h1:9lRY6j8DEeeBT10CvO9hGW0gmky0BprnvDI5vfhUHH4=
github.com/gorilla/handlers v1.5.1/go.mod h1:t8XrUpc4KVXb7HGyJ4/cEnwQiaxrX/hz1Zv/4g96P1Q=
github.com/gorilla/mux v1.8.0 h1:i40aqfkR1h2SlN9hojwV5ZA91wcXFOvkdNIeFDP5koI=
github.com/gorilla/mux v1.8.0/go.mod h1:DVbg23sWSpFRCP0SfiEN6jmj59UnW/n46BH5rLB71So=
github.com/inconshreveable/mousetrap v1.0.0 h1:Z8tu5sraLXCXIcARxBp/8cbvlwVa7Z1NHg9XEKhtSvM=
github.com/inconshreveable/mousetrap v1.0.0/go.mod h1:PxqpIevigyE2G7u3NXJIT2ANytuPF1OarO4DADm73n8=
github.com/jedib0t/go-pretty/v6 v6.3.5 h1:B6RuZT3Gz0NvFwADctw+gZn3cSA+jIHykXyd72zPgOY=
github.com/jedib0t/go-pretty/v6 v6.3.5/go.mod h1:MgmISkTWDSFu0xOqiZ0mKNntMQ2mDgOcwOkwBEkMDJI=
github.com/jmespath/go-jmespath v0.4.0 h1:BEgLn5cpjn8UN1mAw4NjwDrS35OdebyEtFe+9YPoQUg=
github.com/jmespath/go-jmespath v0.4.0/go.mod h1:T8mJZnbsbmF+m6zOOFylbeCJqk5+pHWvzYPziyZiYoo=
github.com/jmespath/go-jmespath/internal/testify v1.5.1 h1:shLQSRRSCCPj3f2gpwzGwWFoC7ycTf1rcQZHOlsJ6N8=
github.com/jmespath/go-jmespath/internal/testify v1.5.1/go.mod h1:L3OGu8Wl2/fWfCI6z80xFu9LTZmf1ZRjMHUOPmWr69U=
github.com/mattn/go-runewidth v0.0.13 h1:lTGmDsbAYt5DmK6OnoV7EuIF1wEIFAcxld6ypU4OSgU=
github.com/mattn/go-runewidth v0.0.13/go.mod h1:Jdepj2loyihRzMpdS35Xk/zdY8IAYHsh153qUoGf23w=
github.com/opencontainers/go-digest v1.0.0 h1:apOUWs51W5PlhuyGyz9FCeeBIOUDA/6nW8Oi/yOhh5U=
github.com/opencontainers/go-digest v1.0.0/go.mod h1:0JzlMkj0TRzQZfJkVvzbP0HBR3IKzErnv2BNG4W4MAM=
github.com/pkg/profile v1.6.0/go.mod h1:qBsxPvzyUincmltOk6iyRVxHYg4adc0OFOv72ZdLa18=
github.com/pmezard/go-difflib v1.0.0 h1:4DBwDE0NGyQoBHbLQYPwSUPoCMWR5BEzIk/f1lZbAQM=
github.com/pmezard/go-difflib v1.0.0/go.mod h1:iKH77koFhYxTK1pcRnkKkqfTogsbg7gZNVY4sRDYZ/4=
github.com/rivo/uniseg v0.2.0/go.mod h1:J6wj4VEh+S6ZtnVlnTBMWIodfgj8LQOQFoIToxlJtxc=
github.com/rivo/uniseg v0.3.0 h1:eyC18g7xB83Dv/xlJXLgNkRidVoR7nqFZBJvqo/K188=
github.com/rivo/uniseg v0.3.0/go.mod h1:FN3SvrM+Zdj16jyLfmOkMNblXMcoc8DfTHruCPUcx88=
github.com/russross/blackfriday/v2 v2.1.0/go.mod h1:+Rmxgy9KzJVeS9/2gXHxylqXiyQDYRxCVz55jmeOWTM=
github.com/spf13/afero v1.2.2/go.mod h1:9ZxEEn6pIJ8Rxe320qSDBk6AsU0r9pR7Q4OcevTdifk=
github.com/spf13/cobra v1.5.0 h1:X+jTBEBqF0bHN+9cSMgmfuvv2VHJ9ezmFNf9Y/XstYU=
github.com/spf13/cobra v1.5.0/go.mod h1:dWXEIy2H428czQCjInthrTRUg7yKbok+2Qi/yBIJoUM=
github.com/spf13/pflag v1.0.5 h1:iy+VFUOCP1a+8yFto/drg2CJ5u0yRoB7fZw3DKv/JXA=
github.com/spf13/pflag v1.0.5/go.mod h1:McXfInJRrz4CZXVZOBLb0bTZqETkiAhM9Iw0y3An2Bg=
github.com/stretchr/objx v0.1.0/go.mod h1:HFkY916IF+rwdDfMAkV7OtwuqBVzrE8GR6GFx+wExME=
github.com/stretchr/objx v0.4.0/go.mod h1:YvHI0jy2hoMjB+UWwv71VJQ9isScKT/TqJzVSSt89Yw=
github.com/stretchr/testify v1.3.0/go.mod h1:M5WIy9Dh21IEIfnGCwXGc5bZfKNJtfHm1UVUgZn+9EI=
github.com/stretchr/testify v1.5.1/go.mod h1:5W2xD1RspED5o8YsWQXVCued0rvSQ+mT+I5cxcmMvtA=
github.com/stretchr/testify v1.7.1/go.mod h1:6Fq8oRcR53rry900zMqJjRRixrwX3KX962/h/Wwjteg=
github.com/stretchr/testify v1.7.4 h1:wZRexSlwd7ZXfKINDLsO4r7WBt3gTKONc6K/VesHvHM=
github.com/stretchr/testify v1.7.4/go.mod h1:yNjHg4UonilssWZ8iaSj1OCr/vHnekPRkoO+kdMU+MU=
github.com/vbauerster/mpb/v7 v7.4.2 h1:n917F4d8EWdUKc9c81wFkksyG6P6Mg7IETfKCE1Xqng=
github.com/vbauerster/mpb/v7 v7.4.2/go.mod h1:UmOiIUI8aPqWXIps0ciik3RKMdzx7+ooQpq+fBcXwBA=
golang.org/x/crypto v0.0.0-20190308221718-c2843e01d9a2 h1:VklqNMn3ovrHsnt90PveolxSbWFaJdECFbxSq0Mqo2M=
golang.org/x/crypto v0.0.0-20190308221718-c2843e01d9a2/go.mod h1:djNgcEr1/C05ACkg1iLfiJU5Ep61QUkGW8qpdssI0+w=
golang.org/x/exp v0.0.0-20220722155223-a9213eeb770e h1:+WEEuIdZHnUeJJmEUjyYC2gfUMj69yZXw17EnHg/otA=
golang.org/x/exp v0.0.0-20220722155223-a9213eeb770e/go.mod h1:Kr81I6Kryrl9sr8s2FK3vxD90NdsKWRuOIl2O4CvYbA=
golang.org/x/net v0.0.0-20180724234803-3673e40ba225/go.mod h1:mL1N/T3taQHkDXs73rZJwtUhF3w3ftmwwsq0BUmARs4=
golang.org/x/net v0.0.0-20190108225652-1e06a53dbb7e/go.mod h1:mL1N/T3taQHkDXs73rZJwtUhF3w3ftmwwsq0BUmARs4=
golang.org/x/net v0.0.0-20200505041828-1ed23360d12c h1:zJ0mtu4jCalhKg6Oaukv6iIkb+cOvDrajDH9DH46Q4M=
golang.org/x/net v0.0.0-20200505041828-1ed23360d12c/go.mod h1:qpuaurCH72eLCgpAm/N6yyVIVM9cpaDIP3A8BGJEC5A=
golang.org/x/oauth2 v0.0.0-20200107190931-bf48bf16ab8d h1:TzXSXBo42m9gQenoE3b9BGiEpg5IG2JkU5FkPIawgtw=
golang.org/x/oauth2 v0.0.0-20200107190931-bf48bf16ab8d/go.mod h1:gOpvHmFTYa4IltrdGE7lF6nIHvwfUNPOp7c8zoXwtLw=
golang.org/x/sync v0.0.0-20181221193216-37e7f081c4d4/go.mod h1:RxMgew5VJxzue5/jJTE5uejpjVlOe/izrB70Jof72aM=
golang.org/x/sync v0.0.0-20220722155255-886fb9371eb4 h1:uVc8UZUe6tr40fFVnUP5Oj+veunVezqYl9z7DYw9xzw=
golang.org/x/sync v0.0.0-20220722155255-886fb9371eb4/go.mod h1:RxMgew5VJxzue5/jJTE5uejpjVlOe/izrB70Jof72aM=
golang.org/x/sys v0.0.0-20190215142949-d0b11bdaac8a/go.mod h1:STP8DvDyc/dI5b8T5hshtkjS+E42TnysNCUPdjciGhY=
golang.org/x/sys v0.0.0-20190412213103-97732733099d/go.mod h1:h1NjWce9XRLGQEsW7wpKNCjG9DtNlClVuFLEZdDNbEs=
golang.org/x/sys v0.0.0-20200323222414-85ca7c5b95cd/go.mod h1:h1NjWce9XRLGQEsW7wpKNCjG9DtNlClVuFLEZdDNbEs=
golang.org/x/sys v0.0.0-20220520151302-bc2c85ada10a/go.mod h1:oPkhp1MJrh7nUepCBck5+mAzfO9JrbApNNgaTdGDITg=
golang.org/x/sys v0.0.0-20220727055044-e65921a090b8 h1:dyU22nBWzrmTQxtNrr4dzVOvaw35nUYE279vF9UmsI8=
golang.org/x/sys v0.0.0-20220727055044-e65921a090b8/go.mod h1:oPkhp1MJrh7nUepCBck5+mAzfO9JrbApNNgaTdGDITg=
golang.org/x/text v0.3.0/go.mod h1:NqM8EUOU14njkJ3fqMW+pc6Ldnwhi/IjpwHt7yyuwOQ=
golang.org/x/xerrors v0.0.0-20191204190536-9bdfabe68543/go.mod h1:I/5z698sn9Ka8TeJc9MKroUUfqBBauWjQqLJ2OPfmY0=
google.golang.org/appengine v1.4.0 h1:/wp5JvzpHIxhs/dumFmF7BXTf3Z+dd4uXta4kVyO508=
google.golang.org/appengine v1.4.0/go.mod h1:xpcJRLb0r/rnEns0DIKYYv+WjYCduHsrkT7/EB5XEv4=
gopkg.in/check.v1 v0.0.0-20161208181325-20d25e280405 h1:yhCVgyC4o1eVCa2tZl7eS0r+SDo693bJlVdllGtEeKM=
gopkg.in/check.v1 v0.0.0-20161208181325-20d25e280405/go.mod h1:Co6ibVJAznAaIkqp8huTwlJQCZ016jof/cbN4VW5Yz0=
gopkg.in/square/go-jose.v2 v2.5.1 h1:7odma5RETjNHWJnR32wx8t+Io4djHE1PqxCFx3iiZ2w=
gopkg.in/square/go-jose.v2 v2.5.1/go.mod h1:M9dMgbHiYLoDGQrXy7OpJDJWiKiU//h+vD76mk0e1AI=
gopkg.in/yaml.v2 v2.2.2/go.mod h1:hI93XBmqTisBFMUTm0b8Fm+jr3Dg1NNxqwp+5A1VGuI=
gopkg.in/yaml.v2 v2.2.8/go.mod h1:hI93XBmqTisBFMUTm0b8Fm+jr3Dg1NNxqwp+5A1VGuI=
gopkg.in/yaml.v2 v2.4.0 h1:D8xgwECY7CYvx+Y2n4sBz93Jn9JRvxdiyyo8CTfuKaY=
gopkg.in/yaml.v2 v2.4.0/go.mod h1:RDklbk79AGWmwhnvt/jBztapEOGDOx6ZbXqjP6csGnQ=
gopkg.in/yaml.v3 v3.0.0-20200313102051-9f266ea9e77c/go.mod h1:K4uyk7z7BCEPqu6E+C64Yfv1cQ7kz7rIZviUmN+EgEM=
gopkg.in/yaml.v3 v3.0.1 h1:fxVm/GzAzEWqLHuvctI91KS9hhNmmWOoWu0XTYJS7CA=
gopkg.in/yaml.v3 v3.0.1/go.mod h1:K4uyk7z7BCEPqu6E+C64Yfv1cQ7kz7rIZviUmN+EgEM=
k8s.io/klog/v2 v2.0.0/go.mod h1:PBfzABfn139FHAV07az/IF9Wp1bkk3vpT2XSJ76fSDE=
k8s.io/utils v0.0.0-20220728103510-ee6ede2d64ed h1:jAne/RjBTyawwAy0utX5eqigAwz/lQhTmy+Hr/Cpue4=
k8s.io/utils v0.0.0-20220728103510-ee6ede2d64ed/go.mod h1:jPW/WVKK9YHAvNhRxK0md/EJ228hCsBRufyofKtW8HA=
sigs.k8s.io/yaml v1.3.0 h1:a2VclLzOGrwOHDiV8EfBGhvjHvP46CtW5j6POvhYGGo=
sigs.k8s.io/yaml v1.3.0/go.mod h1:GeOyir5tyXNByN85N/dRIT9es5UQNerPYEKK56eTBm8=
